
Microsoft Visual Studio Solution File, Format Version 12.00
# Visual Studio Version 17
VisualStudioVersion = 17.0.31903.59
MinimumVisualStudioVersion = 10.0.40219.1
Project("{FAE04EC0-301F-11D3-BF4B-00C04F79EFBC}") = "yatt-api", "api\yatt-api.csproj", "{A5518768-42B3-4FFD-ADBE-169AB02DB6C5}"
EndProject
Project("{FAE04EC0-301F-11D3-BF4B-00C04F79EFBC}") = "yatt-lib", "lib\yatt-lib.csproj", "{88A84BA7-D416-414C-8D04-319EC21BCEE4}"
EndProject
Project("{FAE04EC0-301F-11D3-BF4B-00C04F79EFBC}") = "yatt-test", "test\yatt-test.csproj", "{A2FBC3D8-EA15-4CF1-962F-47D373E02FAA}"
EndProject
Project("{FAE04EC0-301F-11D3-BF4B-00C04F79EFBC}") = "yatt-migration", "migration\yatt-migration.csproj", "{D9DDF536-817F-43AB-9979-B4D0073A5FFE}"
EndProject
Project("{FAE04EC0-301F-11D3-BF4B-00C04F79EFBC}") = "yatt-desktop", "desktop\yatt-desktop.csproj", "{6842D864-2ED2-4C0A-A43D-CADF13BFDFC3}"
EndProject
Project("{FAE04EC0-301F-11D3-BF4B-00C04F79EFBC}") = "yatt-add", "add\yatt-add.csproj", "{3DFFCCFE-992F-440F-B5DD-EE00021A2E56}"
EndProject
Global
	GlobalSection(SolutionConfigurationPlatforms) = preSolution
		Debug|Any CPU = Debug|Any CPU
		Release|Any CPU = Release|Any CPU
	EndGlobalSection
	GlobalSection(SolutionProperties) = preSolution
		HideSolutionNode = FALSE
	EndGlobalSection
	GlobalSection(ProjectConfigurationPlatforms) = postSolution
		{A5518768-42B3-4FFD-ADBE-169AB02DB6C5}.Debug|Any CPU.ActiveCfg = Debug|Any CPU
		{A5518768-42B3-4FFD-ADBE-169AB02DB6C5}.Debug|Any CPU.Build.0 = Debug|Any CPU
		{A5518768-42B3-4FFD-ADBE-169AB02DB6C5}.Release|Any CPU.ActiveCfg = Release|Any CPU
		{A5518768-42B3-4FFD-ADBE-169AB02DB6C5}.Release|Any CPU.Build.0 = Release|Any CPU
		{88A84BA7-D416-414C-8D04-319EC21BCEE4}.Debug|Any CPU.ActiveCfg = Debug|Any CPU
		{88A84BA7-D416-414C-8D04-319EC21BCEE4}.Debug|Any CPU.Build.0 = Debug|Any CPU
		{88A84BA7-D416-414C-8D04-319EC21BCEE4}.Release|Any CPU.ActiveCfg = Release|Any CPU
		{88A84BA7-D416-414C-8D04-319EC21BCEE4}.Release|Any CPU.Build.0 = Release|Any CPU
		{A2FBC3D8-EA15-4CF1-962F-47D373E02FAA}.Debug|Any CPU.ActiveCfg = Debug|Any CPU
		{A2FBC3D8-EA15-4CF1-962F-47D373E02FAA}.Debug|Any CPU.Build.0 = Debug|Any CPU
		{A2FBC3D8-EA15-4CF1-962F-47D373E02FAA}.Release|Any CPU.ActiveCfg = Release|Any CPU
		{A2FBC3D8-EA15-4CF1-962F-47D373E02FAA}.Release|Any CPU.Build.0 = Release|Any CPU
		{D9DDF536-817F-43AB-9979-B4D0073A5FFE}.Debug|Any CPU.ActiveCfg = Debug|Any CPU
		{D9DDF536-817F-43AB-9979-B4D0073A5FFE}.Debug|Any CPU.Build.0 = Debug|Any CPU
		{D9DDF536-817F-43AB-9979-B4D0073A5FFE}.Release|Any CPU.ActiveCfg = Release|Any CPU
		{D9DDF536-817F-43AB-9979-B4D0073A5FFE}.Release|Any CPU.Build.0 = Release|Any CPU
		{6842D864-2ED2-4C0A-A43D-CADF13BFDFC3}.Debug|Any CPU.ActiveCfg = Debug|Any CPU
		{6842D864-2ED2-4C0A-A43D-CADF13BFDFC3}.Debug|Any CPU.Build.0 = Debug|Any CPU
		{6842D864-2ED2-4C0A-A43D-CADF13BFDFC3}.Release|Any CPU.ActiveCfg = Release|Any CPU
		{6842D864-2ED2-4C0A-A43D-CADF13BFDFC3}.Release|Any CPU.Build.0 = Release|Any CPU
		{3DFFCCFE-992F-440F-B5DD-EE00021A2E56}.Debug|Any CPU.ActiveCfg = Debug|Any CPU
		{3DFFCCFE-992F-440F-B5DD-EE00021A2E56}.Debug|Any CPU.Build.0 = Debug|Any CPU
		{3DFFCCFE-992F-440F-B5DD-EE00021A2E56}.Release|Any CPU.ActiveCfg = Release|Any CPU
		{3DFFCCFE-992F-440F-B5DD-EE00021A2E56}.Release|Any CPU.Build.0 = Release|Any CPU
	EndGlobalSection
EndGlobal
